// !$*UTF8*$!
{
	archiveVersion = 1;
	classes = {
	};
	objectVersion = 46;
	objects = {

/* Begin PBXBuildFile section */
		3814A63E1CC9D6C100D662E9 /* main.m in Sources */ = {isa = PBXBuildFile; fileRef = 3814A63D1CC9D6C100D662E9 /* main.m */; };
		3814A6411CC9D6C100D662E9 /* AppDelegate.m in Sources */ = {isa = PBXBuildFile; fileRef = 3814A6401CC9D6C100D662E9 /* AppDelegate.m */; };
		3814A6441CC9D6C100D662E9 /* ViewController.m in Sources */ = {isa = PBXBuildFile; fileRef = 3814A6431CC9D6C100D662E9 /* ViewController.m */; };
		3814A6471CC9D6C100D662E9 /* Main.storyboard in Resources */ = {isa = PBXBuildFile; fileRef = 3814A6451CC9D6C100D662E9 /* Main.storyboard */; };
		3814A6491CC9D6C100D662E9 /* Assets.xcassets in Resources */ = {isa = PBXBuildFile; fileRef = 3814A6481CC9D6C100D662E9 /* Assets.xcassets */; };
		3814A64C1CC9D6C100D662E9 /* LaunchScreen.storyboard in Resources */ = {isa = PBXBuildFile; fileRef = 3814A64A1CC9D6C100D662E9 /* LaunchScreen.storyboard */; };
		3814A6571CC9D6C100D662E9 /* network2NslongerTests.m in Sources */ = {isa = PBXBuildFile; fileRef = 3814A6561CC9D6C100D662E9 /* network2NslongerTests.m */; };
		3814A6621CC9D6C100D662E9 /* network2NslongerUITests.m in Sources */ = {isa = PBXBuildFile; fileRef = 3814A6611CC9D6C100D662E9 /* network2NslongerUITests.m */; };
/* End PBXBuildFile section */

/* Begin PBXContainerItemProxy section */
		3814A6531CC9D6C100D662E9 /* PBXContainerItemProxy */ = {
			isa = PBXContainerItemProxy;
			containerPortal = 3814A6311CC9D6C100D662E9 /* Project object */;
			proxyType = 1;
			remoteGlobalIDString = 3814A6381CC9D6C100D662E9;
			remoteInfo = network2Nslonger;
		};
		3814A65E1CC9D6C100D662E9 /* PBXContainerItemProxy */ = {
			isa = PBXContainerItemProxy;
			containerPortal = 3814A6311CC9D6C100D662E9 /* Project object */;
			proxyType = 1;
			remoteGlobalIDString = 3814A6381CC9D6C100D662E9;
			remoteInfo = network2Nslonger;
		};
/* End PBXContainerItemProxy section */

/* Begin PBXFileReference section */
		3814A6391CC9D6C100D662E9 /* network2Nslonger.app */ = {isa = PBXFileReference; explicitFileType = wrapper.application; includeInIndex = 0; path = network2Nslonger.app; sourceTree = BUILT_PRODUCTS_DIR; };
		3814A63D1CC9D6C100D662E9 /* main.m */ = {isa = PBXFileReference; lastKnownFileType = sourcecode.c.objc; path = main.m; sourceTree = "<group>"; };
		3814A63F1CC9D6C100D662E9 /* AppDelegate.h */ = {isa = PBXFileReference; lastKnownFileType = sourcecode.c.h; path = AppDelegate.h; sourceTree = "<group>"; };
		3814A6401CC9D6C100D662E9 /* AppDelegate.m */ = {isa = PBXFileReference; lastKnownFileType = sourcecode.c.objc; path = AppDelegate.m; sourceTree = "<group>"; };
		3814A6421CC9D6C100D662E9 /* ViewController.h */ = {isa = PBXFileReference; lastKnownFileType = sourcecode.c.h; path = ViewController.h; sourceTree = "<group>"; };
		3814A6431CC9D6C100D662E9 /* ViewController.m */ = {isa = PBXFileReference; lastKnownFileType = sourcecode.c.objc; path = ViewController.m; sourceTree = "<group>"; };
		3814A6461CC9D6C100D662E9 /* Base */ = {isa = PBXFileReference; lastKnownFileType = file.storyboard; name = Base; path = Base.lproj/Main.storyboard; sourceTree = "<group>"; };
		3814A6481CC9D6C100D662E9 /* Assets.xcassets */ = {isa = PBXFileReference; lastKnownFileType = folder.assetcatalog; path = Assets.xcassets; sourceTree = "<group>"; };
		3814A64B1CC9D6C100D662E9 /* Base */ = {isa = PBXFileReference; lastKnownFileType = file.storyboard; name = Base; path = Base.lproj/LaunchScreen.storyboard; sourceTree = "<group>"; };
		3814A64D1CC9D6C100D662E9 /* Info.plist */ = {isa = PBXFileReference; lastKnownFileType = text.plist.xml; path = Info.plist; sourceTree = "<group>"; };
		3814A6521CC9D6C100D662E9 /* network2NslongerTests.xctest */ = {isa = PBXFileReference; explicitFileType = wrapper.cfbundle; includeInIndex = 0; path = network2NslongerTests.xctest; sourceTree = BUILT_PRODUCTS_DIR; };
		3814A6561CC9D6C100D662E9 /* network2NslongerTests.m */ = {isa = PBXFileReference; lastKnownFileType = sourcecode.c.objc; path = network2NslongerTests.m; sourceTree = "<group>"; };
		3814A6581CC9D6C100D662E9 /* Info.plist */ = {isa = PBXFileReference; lastKnownFileType = text.plist.xml; path = Info.plist; sourceTree = "<group>"; };
		3814A65D1CC9D6C100D662E9 /* network2NslongerUITests.xctest */ = {isa = PBXFileReference; explicitFileType = wrapper.cfbundle; includeInIndex = 0; path = network2NslongerUITests.xctest; sourceTree = BUILT_PRODUCTS_DIR; };
		3814A6611CC9D6C100D662E9 /* network2NslongerUITests.m */ = {isa = PBXFileReference; lastKnownFileType = sourcecode.c.objc; path = network2NslongerUITests.m; sourceTree = "<group>"; };
		3814A6631CC9D6C100D662E9 /* Info.plist */ = {isa = PBXFileReference; lastKnownFileType = text.plist.xml; path = Info.plist; sourceTree = "<group>"; };
/* End PBXFileReference section */

/* Begin PBXFrameworksBuildPhase section */
		3814A6361CC9D6C100D662E9 /* Frameworks */ = {
			isa = PBXFrameworksBuildPhase;
			buildActionMask = 2147483647;
			files = (
			);
			runOnlyForDeploymentPostprocessing = 0;
		};
		3814A64F1CC9D6C100D662E9 /* Frameworks */ = {
			isa = PBXFrameworksBuildPhase;
			buildActionMask = 2147483647;
			files = (
			);
			runOnlyForDeploymentPostprocessing = 0;
		};
		3814A65A1CC9D6C100D662E9 /* Frameworks */ = {
			isa = PBXFrameworksBuildPhase;
			buildActionMask = 2147483647;
			files = (
			);
			runOnlyForDeploymentPostprocessing = 0;
		};
/* End PBXFrameworksBuildPhase section */

/* Begin PBXGroup section */
		3814A6301CC9D6C100D662E9 = {
			isa = PBXGroup;
			children = (
				3814A63B1CC9D6C100D662E9 /* network2Nslonger */,
				3814A6551CC9D6C100D662E9 /* network2NslongerTests */,
				3814A6601CC9D6C100D662E9 /* network2NslongerUITests */,
				3814A63A1CC9D6C100D662E9 /* Products */,
			);
			sourceTree = "<group>";
		};
		3814A63A1CC9D6C100D662E9 /* Products */ = {
			isa = PBXGroup;
			children = (
				3814A6391CC9D6C100D662E9 /* network2Nslonger.app */,
				3814A6521CC9D6C100D662E9 /* network2NslongerTests.xctest */,
				3814A65D1CC9D6C100D662E9 /* network2NslongerUITests.xctest */,
			);
			name = Products;
			sourceTree = "<group>";
		};
		3814A63B1CC9D6C100D662E9 /* network2Nslonger */ = {
			isa = PBXGroup;
			children = (
				3814A63F1CC9D6C100D662E9 /* AppDelegate.h */,
				3814A6401CC9D6C100D662E9 /* AppDelegate.m */,
				3814A6421CC9D6C100D662E9 /* ViewController.h */,
				3814A6431CC9D6C100D662E9 /* ViewController.m */,
				3814A6451CC9D6C100D662E9 /* Main.storyboard */,
				3814A6481CC9D6C100D662E9 /* Assets.xcassets */,
				3814A64A1CC9D6C100D662E9 /* LaunchScreen.storyboard */,
				3814A64D1CC9D6C100D662E9 /* Info.plist */,
				3814A63C1CC9D6C100D662E9 /* Supporting Files */,
			);
			path = network2Nslonger;
			sourceTree = "<group>";
		};
		3814A63C1CC9D6C100D662E9 /* Supporting Files */ = {
			isa = PBXGroup;
			children = (
				3814A63D1CC9D6C100D662E9 /* main.m */,
			);
			name = "Supporting Files";
			sourceTree = "<group>";
		};
		3814A6551CC9D6C100D662E9 /* network2NslongerTests */ = {
			isa = PBXGroup;
			children = (
				3814A6561CC9D6C100D662E9 /* network2NslongerTests.m */,
				3814A6581CC9D6C100D662E9 /* Info.plist */,
			);
			path = network2NslongerTests;
			sourceTree = "<group>";
		};
		3814A6601CC9D6C100D662E9 /* network2NslongerUITests */ = {
			isa = PBXGroup;
			children = (
				3814A6611CC9D6C100D662E9 /* network2NslongerUITests.m */,
				3814A6631CC9D6C100D662E9 /* Info.plist */,
			);
			path = network2NslongerUITests;
			sourceTree = "<group>";
		};
/* End PBXGroup section */

/* Begin PBXNativeTarget section */
		3814A6381CC9D6C100D662E9 /* network2Nslonger */ = {
			isa = PBXNativeTarget;
			buildConfigurationList = 3814A6661CC9D6C100D662E9 /* Build configuration list for PBXNativeTarget "network2Nslonger" */;
			buildPhases = (
				3814A6351CC9D6C100D662E9 /* Sources */,
				3814A6361CC9D6C100D662E9 /* Frameworks */,
				3814A6371CC9D6C100D662E9 /* Resources */,
			);
			buildRules = (
			);
			dependencies = (
			);
			name = network2Nslonger;
			productName = network2Nslonger;
			productReference = 3814A6391CC9D6C100D662E9 /* network2Nslonger.app */;
			productType = "com.apple.product-type.application";
		};
		3814A6511CC9D6C100D662E9 /* network2NslongerTests */ = {
			isa = PBXNativeTarget;
			buildConfigurationList = 3814A6691CC9D6C100D662E9 /* Build configuration list for PBXNativeTarget "network2NslongerTests" */;
			buildPhases = (
				3814A64E1CC9D6C100D662E9 /* Sources */,
				3814A64F1CC9D6C100D662E9 /* Frameworks */,
				3814A6501CC9D6C100D662E9 /* Resources */,
			);
			buildRules = (
			);
			dependencies = (
				3814A6541CC9D6C100D662E9 /* PBXTargetDependency */,
			);
			name = network2NslongerTests;
			productName = network2NslongerTests;
			productReference = 3814A6521CC9D6C100D662E9 /* network2NslongerTests.xctest */;
			productType = "com.apple.product-type.bundle.unit-test";
		};
		3814A65C1CC9D6C100D662E9 /* network2NslongerUITests */ = {
			isa = PBXNativeTarget;
			buildConfigurationList = 3814A66C1CC9D6C100D662E9 /* Build configuration list for PBXNativeTarget "network2NslongerUITests" */;
			buildPhases = (
				3814A6591CC9D6C100D662E9 /* Sources */,
				3814A65A1CC9D6C100D662E9 /* Frameworks */,
				3814A65B1CC9D6C100D662E9 /* Resources */,
			);
			buildRules = (
			);
			dependencies = (
				3814A65F1CC9D6C100D662E9 /* PBXTargetDependency */,
			);
			name = network2NslongerUITests;
			productName = network2NslongerUITests;
			productReference = 3814A65D1CC9D6C100D662E9 /* network2NslongerUITests.xctest */;
			productType = "com.apple.product-type.bundle.ui-testing";
		};
/* End PBXNativeTarget section */

/* Begin PBXProject section */
		3814A6311CC9D6C100D662E9 /* Project object */ = {
			isa = PBXProject;
			attributes = {
				LastUpgradeCheck = 0730;
				ORGANIZATIONNAME = iDoctor;
				TargetAttributes = {
					3814A6381CC9D6C100D662E9 = {
						CreatedOnToolsVersion = 7.3;
					};
					3814A6511CC9D6C100D662E9 = {
						CreatedOnToolsVersion = 7.3;
						TestTargetID = 3814A6381CC9D6C100D662E9;
					};
					3814A65C1CC9D6C100D662E9 = {
						CreatedOnToolsVersion = 7.3;
						TestTargetID = 3814A6381CC9D6C100D662E9;
					};
				};
			};
			buildConfigurationList = 3814A6341CC9D6C100D662E9 /* Build configuration list for PBXProject "network2Nslonger" */;
			compatibilityVersion = "Xcode 3.2";
			developmentRegion = English;
			hasScannedForEncodings = 0;
			knownRegions = (
				en,
				Base,
			);
			mainGroup = 3814A6301CC9D6C100D662E9;
			productRefGroup = 3814A63A1CC9D6C100D662E9 /* Products */;
			projectDirPath = "";
			projectRoot = "";
			targets = (
				3814A6381CC9D6C100D662E9 /* network2Nslonger */,
				3814A6511CC9D6C100D662E9 /* network2NslongerTests */,
				3814A65C1CC9D6C100D662E9 /* network2NslongerUITests */,
			);
		};
/* End PBXProject section */

/* Begin PBXResourcesBuildPhase section */
		3814A6371CC9D6C100D662E9 /* Resources */ = {
			isa = PBXResourcesBuildPhase;
			buildActionMask = 2147483647;
			files = (
				3814A64C1CC9D6C100D662E9 /* LaunchScreen.storyboard in Resources */,
				3814A6491CC9D6C100D662E9 /* Assets.xcassets in Resources */,
				3814A6471CC9D6C100D662E9 /* Main.storyboard in Resources */,
			);
			runOnlyForDeploymentPostprocessing = 0;
		};
		3814A6501CC9D6C100D662E9 /* Resources */ = {
			isa = PBXResourcesBuildPhase;
			buildActionMask = 2147483647;
			files = (
			);
			runOnlyForDeploymentPostprocessing = 0;
		};
		3814A65B1CC9D6C100D662E9 /* Resources */ = {
			isa = PBXResourcesBuildPhase;
			buildActionMask = 2147483647;
			files = (
			);
			runOnlyForDeploymentPostprocessing = 0;
		};
/* End PBXResourcesBuildPhase section */

/* Begin PBXSourcesBuildPhase section */
		3814A6351CC9D6C100D662E9 /* Sources */ = {
			isa = PBXSourcesBuildPhase;
			buildActionMask = 2147483647;
			files = (
				3814A6441CC9D6C100D662E9 /* ViewController.m in Sources */,
				3814A6411CC9D6C100D662E9 /* AppDelegate.m in Sources */,
				3814A63E1CC9D6C100D662E9 /* main.m in Sources */,
			);
			runOnlyForDeploymentPostprocessing = 0;
		};
		3814A64E1CC9D6C100D662E9 /* Sources */ = {
			isa = PBXSourcesBuildPhase;
			buildActionMask = 2147483647;
			files = (
				3814A6571CC9D6C100D662E9 /* network2NslongerTests.m in Sources */,
			);
			runOnlyForDeploymentPostprocessing = 0;
		};
		3814A6591CC9D6C100D662E9 /* Sources */ = {
			isa = PBXSourcesBuildPhase;
			buildActionMask = 2147483647;
			files = (
				3814A6621CC9D6C100D662E9 /* network2NslongerUITests.m in Sources */,
			);
			runOnlyForDeploymentPostprocessing = 0;
		};
/* End PBXSourcesBuildPhase section */

/* Begin PBXTargetDependency section */
		3814A6541CC9D6C100D662E9 /* PBXTargetDependency */ = {
			isa = PBXTargetDependency;
			target = 3814A6381CC9D6C100D662E9 /* network2Nslonger */;
			targetProxy = 3814A6531CC9D6C100D662E9 /* PBXContainerItemProxy */;
		};
		3814A65F1CC9D6C100D662E9 /* PBXTargetDependency */ = {
			isa = PBXTargetDependency;
			target = 3814A6381CC9D6C100D662E9 /* network2Nslonger */;
			targetProxy = 3814A65E1CC9D6C100D662E9 /* PBXContainerItemProxy */;
		};
/* End PBXTargetDependency section */

/* Begin PBXVariantGroup section */
		3814A6451CC9D6C100D662E9 /* Main.storyboard */ = {
			isa = PBXVariantGroup;
			children = (
				3814A6461CC9D6C100D662E9 /* Base */,
			);
			name = Main.storyboard;
			sourceTree = "<group>";
		};
		3814A64A1CC9D6C100D662E9 /* LaunchScreen.storyboard */ = {
			isa = PBXVariantGroup;
			children = (
				3814A64B1CC9D6C100D662E9 /* Base */,
			);
			name = LaunchScreen.storyboard;
			sourceTree = "<group>";
		};
/* End PBXVariantGroup section */

/* Begin XCBuildConfiguration section */
		3814A6641CC9D6C100D662E9 /* Debug */ = {
			isa = XCBuildConfiguration;
			buildSettings = {
				ALWAYS_SEARCH_USER_PATHS = NO;
				CLANG_ANALYZER_NONNULL = YES;
				CLANG_CXX_LANGUAGE_STANDARD = "gnu++0x";
				CLANG_CXX_LIBRARY = "libc++";
				CLANG_ENABLE_MODULES = YES;
				CLANG_ENABLE_OBJC_ARC = YES;
				CLANG_WARN_BOOL_CONVERSION = YES;
				CLANG_WARN_CONSTANT_CONVERSION = YES;
				CLANG_WARN_DIRECT_OBJC_ISA_USAGE = YES_ERROR;
				CLANG_WARN_EMPTY_BODY = YES;
				CLANG_WARN_ENUM_CONVERSION = YES;
				CLANG_WARN_INT_CONVERSION = YES;
				CLANG_WARN_OBJC_ROOT_CLASS = YES_ERROR;
				CLANG_WARN_UNREACHABLE_CODE = YES;
				CLANG_WARN__DUPLICATE_METHOD_MATCH = YES;
				"CODE_SIGN_IDENTITY[sdk=iphoneos*]" = "iPhone Developer";
				COPY_PHASE_STRIP = NO;
				DEBUG_INFORMATION_FORMAT = dwarf;
				ENABLE_STRICT_OBJC_MSGSEND = YES;
				ENABLE_TESTABILITY = YES;
				GCC_C_LANGUAGE_STANDARD = gnu99;
				GCC_DYNAMIC_NO_PIC = NO;
				GCC_NO_COMMON_BLOCKS = YES;
				GCC_OPTIMIZATION_LEVEL = 0;
				GCC_PREPROCESSOR_DEFINITIONS = (
					"DEBUG=1",
					"$(inherited)",
				);
				GCC_WARN_64_TO_32_BIT_CONVERSION = YES;
				GCC_WARN_ABOUT_RETURN_TYPE = YES_ERROR;
				GCC_WARN_UNDECLARED_SELECTOR = YES;
				GCC_WARN_UNINITIALIZED_AUTOS = YES_AGGRESSIVE;
				GCC_WARN_UNUSED_FUNCTION = YES;
				GCC_WARN_UNUSED_VARIABLE = YES;
				IPHONEOS_DEPLOYMENT_TARGET = 9.3;
				MTL_ENABLE_DEBUG_INFO = YES;
				ONLY_ACTIVE_ARCH = YES;
				SDKROOT = iphoneos;
				TARGETED_DEVICE_FAMILY = "1,2";
			};
			name = Debug;
		};
		3814A6651CC9D6C100D662E9 /* Release */ = {
			isa = XCBuildConfiguration;
			buildSettings = {
				ALWAYS_SEARCH_USER_PATHS = NO;
				CLANG_ANALYZER_NONNULL = YES;
				CLANG_CXX_LANGUAGE_STANDARD = "gnu++0x";
				CLANG_CXX_LIBRARY = "libc++";
				CLANG_ENABLE_MODULES = YES;
				CLANG_ENABLE_OBJC_ARC = YES;
				CLANG_WARN_BOOL_CONVERSION = YES;
				CLANG_WARN_CONSTANT_CONVERSION = YES;
				CLANG_WARN_DIRECT_OBJC_ISA_USAGE = YES_ERROR;
				CLANG_WARN_EMPTY_BODY = YES;
				CLANG_WARN_ENUM_CONVERSION = YES;
				CLANG_WARN_INT_CONVERSION = YES;
				CLANG_WARN_OBJC_ROOT_CLASS = YES_ERROR;
				CLANG_WARN_UNREACHABLE_CODE = YES;
				CLANG_WARN__DUPLICATE_METHOD_MATCH = YES;
				"CODE_SIGN_IDENTITY[sdk=iphoneos*]" = "iPhone Developer";
				COPY_PHASE_STRIP = NO;
				DEBUG_INFORMATION_FORMAT = "dwarf-with-dsym";
				ENABLE_NS_ASSERTIONS = NO;
				ENABLE_STRICT_OBJC_MSGSEND = YES;
				GCC_C_LANGUAGE_STANDARD = gnu99;
				GCC_NO_COMMON_BLOCKS = YES;
				GCC_WARN_64_TO_32_BIT_CONVERSION = YES;
				GCC_WARN_ABOUT_RETURN_TYPE = YES_ERROR;
				GCC_WARN_UNDECLARED_SELECTOR = YES;
				GCC_WARN_UNINITIALIZED_AUTOS = YES_AGGRESSIVE;
				GCC_WARN_UNUSED_FUNCTION = YES;
				GCC_WARN_UNUSED_VARIABLE = YES;
				IPHONEOS_DEPLOYMENT_TARGET = 9.3;
				MTL_ENABLE_DEBUG_INFO = NO;
				SDKROOT = iphoneos;
				TARGETED_DEVICE_FAMILY = "1,2";
				VALIDATE_PRODUCT = YES;
			};
			name = Release;
		};
		3814A6671CC9D6C100D662E9 /* Debug */ = {
			isa = XCBuildConfiguration;
			buildSettings = {
				ASSETCATALOG_COMPILER_APPICON_NAME = AppIcon;
				INFOPLIST_FILE = network2Nslonger/Info.plist;
				LD_RUNPATH_SEARCH_PATHS = "$(inherited) @executable_path/Frameworks";
				PRODUCT_BUNDLE_IDENTIFIER = idoctor.network2Nslonger;
				PRODUCT_NAME = "$(TARGET_NAME)";
			};
			name = Debug;
		};
		3814A6681CC9D6C100D662E9 /* Release */ = {
			isa = XCBuildConfiguration;
			buildSettings = {
				ASSETCATALOG_COMPILER_APPICON_NAME = AppIcon;
				INFOPLIST_FILE = network2Nslonger/Info.plist;
				LD_RUNPATH_SEARCH_PATHS = "$(inherited) @executable_path/Frameworks";
				PRODUCT_BUNDLE_IDENTIFIER = idoctor.network2Nslonger;
				PRODUCT_NAME = "$(TARGET_NAME)";
			};
			name = Release;
		};
		3814A66A1CC9D6C100D662E9 /* Debug */ = {
			isa = XCBuildConfiguration;
			buildSettings = {
				BUNDLE_LOADER = "$(TEST_HOST)";
				INFOPLIST_FILE = network2NslongerTests/Info.plist;
				LD_RUNPATH_SEARCH_PATHS = "$(inherited) @executable_path/Frameworks @loader_path/Frameworks";
				PRODUCT_BUNDLE_IDENTIFIER = idoctor.network2NslongerTests;
				PRODUCT_NAME = "$(TARGET_NAME)";
				TEST_HOST = "$(BUILT_PRODUCTS_DIR)/network2Nslonger.app/network2Nslonger";
			};
			name = Debug;
		};
		3814A66B1CC9D6C100D662E9 /* Release */ = {
			isa = XCBuildConfiguration;
			buildSettings = {
				BUNDLE_LOADER = "$(TEST_HOST)";
				INFOPLIST_FILE = network2NslongerTests/Info.plist;
				LD_RUNPATH_SEARCH_PATHS = "$(inherited) @executable_path/Frameworks @loader_path/Frameworks";
				PRODUCT_BUNDLE_IDENTIFIER = idoctor.network2NslongerTests;
				PRODUCT_NAME = "$(TARGET_NAME)";
				TEST_HOST = "$(BUILT_PRODUCTS_DIR)/network2Nslonger.app/network2Nslonger";
			};
			name = Release;
		};
		3814A66D1CC9D6C100D662E9 /* Debug */ = {
			isa = XCBuildConfiguration;
			buildSettings = {
				INFOPLIST_FILE = network2NslongerUITests/Info.plist;
				LD_RUNPATH_SEARCH_PATHS = "$(inherited) @executable_path/Frameworks @loader_path/Frameworks";
				PRODUCT_BUNDLE_IDENTIFIER = idoctor.network2NslongerUITests;
				PRODUCT_NAME = "$(TARGET_NAME)";
				TEST_TARGET_NAME = network2Nslonger;
			};
			name = Debug;
		};
		3814A66E1CC9D6C100D662E9 /* Release */ = {
			isa = XCBuildConfiguration;
			buildSettings = {
				INFOPLIST_FILE = network2NslongerUITests/Info.plist;
				LD_RUNPATH_SEARCH_PATHS = "$(inherited) @executable_path/Frameworks @loader_path/Frameworks";
				PRODUCT_BUNDLE_IDENTIFIER = idoctor.network2NslongerUITests;
				PRODUCT_NAME = "$(TARGET_NAME)";
				TEST_TARGET_NAME = network2Nslonger;
			};
			name = Release;
		};
/* End XCBuildConfiguration section */

/* Begin XCConfigurationList section */
		3814A6341CC9D6C100D662E9 /* Build configuration list for PBXProject "network2Nslonger" */ = {
			isa = XCConfigurationList;
			buildConfigurations = (
				3814A6641CC9D6C100D662E9 /* Debug */,
				3814A6651CC9D6C100D662E9 /* Release */,
			);
			defaultConfigurationIsVisible = 0;
			defaultConfigurationName = Release;
		};
		3814A6661CC9D6C100D662E9 /* Build configuration list for PBXNativeTarget "network2Nslonger" */ = {
			isa = XCConfigurationList;
			buildConfigurations = (
				3814A6671CC9D6C100D662E9 /* Debug */,
				3814A6681CC9D6C100D662E9 /* Release */,
			);
			defaultConfigurationIsVisible = 0;
		};
		3814A6691CC9D6C100D662E9 /* Build configuration list for PBXNativeTarget "network2NslongerTests" */ = {
			isa = XCConfigurationList;
			buildConfigurations = (
				3814A66A1CC9D6C100D662E9 /* Debug */,
				3814A66B1CC9D6C100D662E9 /* Release */,
			);
			defaultConfigurationIsVisible = 0;
		};
		3814A66C1CC9D6C100D662E9 /* Build configuration list for PBXNativeTarget "network2NslongerUITests" */ = {
			isa = XCConfigurationList;
			buildConfigurations = (
				3814A66D1CC9D6C100D662E9 /* Debug */,
				3814A66E1CC9D6C100D662E9 /* Release */,
			);
			defaultConfigurationIsVisible = 0;
		};
/* End XCConfigurationList section */
	};
	rootObject = 3814A6311CC9D6C100D662E9 /* Project object */;
}
